
Microsoft Visual Studio Solution File, Format Version 12.00
# Visual Studio Version 17
VisualStudioVersion = 17.4.33213.308
MinimumVisualStudioVersion = 10.0.40219.1
Project("{FAE04EC0-301F-11D3-BF4B-00C04F79EFBC}") = "Tentativa6", "Tentativa6\Tentativa6.csproj", "{BF313D7C-C57C-40B0-97FB-F9AA04FEA7CB}"
EndProject
Global
	GlobalSection(SolutionConfigurationPlatforms) = preSolution
		Debug|Any CPU = Debug|Any CPU
		Release|Any CPU = Release|Any CPU
	EndGlobalSection
	GlobalSection(ProjectConfigurationPlatforms) = postSolution
		{BF313D7C-C57C-40B0-97FB-F9AA04FEA7CB}.Debug|Any CPU.ActiveCfg = Debug|Any CPU
		{BF313D7C-C57C-40B0-97FB-F9AA04FEA7CB}.Debug|Any CPU.Build.0 = Debug|Any CPU
		{BF313D7C-C57C-40B0-97FB-F9AA04FEA7CB}.Release|Any CPU.ActiveCfg = Release|Any CPU
		{BF313D7C-C57C-40B0-97FB-F9AA04FEA7CB}.Release|Any CPU.Build.0 = Release|Any CPU
	EndGlobalSection
	GlobalSection(SolutionProperties) = preSolution
		HideSolutionNode = FALSE
	EndGlobalSection
	GlobalSection(ExtensibilityGlobals) = postSolution
		SolutionGuid = {CC4520F5-3613-4C6B-B204-51759CE267BC}
	EndGlobalSection
EndGlobal
